
Microsoft Visual Studio Solution File, Format Version 12.00
# Visual Studio Version 17
VisualStudioVersion = 17.0.31903.59
MinimumVisualStudioVersion = 10.0.40219.1
Project("{9A19103F-16F7-4668-BE54-9A1E7A4F7556}") = "Magazine.Core", "Magazine.Core\Magazine.Core.csproj", "{ADC8015F-A46B-463B-BEA0-2494A2DF7985}"
EndProject
Project("{9A19103F-16F7-4668-BE54-9A1E7A4F7556}") = "Magazine.WebApi", "Magazine.WebApi\Magazine.WebApi.csproj", "{B57E66E2-66FF-4E09-88EF-8468B86E8224}"
EndProject
Global
	GlobalSection(SolutionConfigurationPlatforms) = preSolution
		Debug|Any CPU = Debug|Any CPU
		Release|Any CPU = Release|Any CPU
	EndGlobalSection
	GlobalSection(ProjectConfigurationPlatforms) = postSolution
		{ADC8015F-A46B-463B-BEA0-2494A2DF7985}.Debug|Any CPU.ActiveCfg = Debug|Any CPU
		{ADC8015F-A46B-463B-BEA0-2494A2DF7985}.Debug|Any CPU.Build.0 = Debug|Any CPU
		{ADC8015F-A46B-463B-BEA0-2494A2DF7985}.Release|Any CPU.ActiveCfg = Release|Any CPU
		{ADC8015F-A46B-463B-BEA0-2494A2DF7985}.Release|Any CPU.Build.0 = Release|Any CPU
		{B57E66E2-66FF-4E09-88EF-8468B86E8224}.Debug|Any CPU.ActiveCfg = Debug|Any CPU
		{B57E66E2-66FF-4E09-88EF-8468B86E8224}.Debug|Any CPU.Build.0 = Debug|Any CPU
		{B57E66E2-66FF-4E09-88EF-8468B86E8224}.Release|Any CPU.ActiveCfg = Release|Any CPU
		{B57E66E2-66FF-4E09-88EF-8468B86E8224}.Release|Any CPU.Build.0 = Release|Any CPU
	EndGlobalSection
	GlobalSection(SolutionProperties) = preSolution
		HideSolutionNode = FALSE
	EndGlobalSection
	GlobalSection(ExtensibilityGlobals) = postSolution
		SolutionGuid = {79C05CE3-A487-4985-88CC-C5EFB8B2EEA1}
	EndGlobalSection
EndGlobal
